
Microsoft Visual Studio Solution File, Format Version 12.00
Project("{FAE04EC0-301F-11D3-BF4B-00C04F79EFBC}") = "ArceusCore", "ArceusCore\ArceusCore.csproj", "{8E273B70-0986-42F3-A8C2-9605E1EA5E7E}"
EndProject
Project("{2150E333-8FDC-42A3-9474-1A3956D46DE8}") = "Arceus.Misc", "Arceus.Misc", "{27ED4FF3-D3AA-4914-9810-89065908EA08}"
	ProjectSection(SolutionItems) = preProject
		Readme.md = Readme.md
		.gitignore = .gitignore
		.editorconfig = .editorconfig
	EndProjectSection
EndProject
Project("{FAE04EC0-301F-11D3-BF4B-00C04F79EFBC}") = "ArceusCore.Tests", "ArceusCore.Tests\ArceusCore.Tests.csproj", "{2DEA4460-B656-4260-B30D-E70810E40BBD}"
EndProject
Global
	GlobalSection(SolutionConfigurationPlatforms) = preSolution
		Debug|Any CPU = Debug|Any CPU
		Release|Any CPU = Release|Any CPU
	EndGlobalSection
	GlobalSection(ProjectConfigurationPlatforms) = postSolution
		{8E273B70-0986-42F3-A8C2-9605E1EA5E7E}.Debug|Any CPU.ActiveCfg = Debug|Any CPU
		{8E273B70-0986-42F3-A8C2-9605E1EA5E7E}.Debug|Any CPU.Build.0 = Debug|Any CPU
		{8E273B70-0986-42F3-A8C2-9605E1EA5E7E}.Release|Any CPU.ActiveCfg = Release|Any CPU
		{8E273B70-0986-42F3-A8C2-9605E1EA5E7E}.Release|Any CPU.Build.0 = Release|Any CPU
		{2DEA4460-B656-4260-B30D-E70810E40BBD}.Debug|Any CPU.ActiveCfg = Debug|Any CPU
		{2DEA4460-B656-4260-B30D-E70810E40BBD}.Debug|Any CPU.Build.0 = Debug|Any CPU
		{2DEA4460-B656-4260-B30D-E70810E40BBD}.Release|Any CPU.ActiveCfg = Release|Any CPU
		{2DEA4460-B656-4260-B30D-E70810E40BBD}.Release|Any CPU.Build.0 = Release|Any CPU
	EndGlobalSection
EndGlobal
